#MicroXplorer Configuration settings - do not modify
Mcu.Family=STM32F4
ProjectManager.MainLocation=Core/Src
Dma.TIM2_CH1.0.MemInc=DMA_MINC_ENABLE
Dma.TIM5_CH4/TRIG.3.FIFOThreshold=DMA_FIFO_THRESHOLD_1QUARTERFULL
Dma.TIM5_CH2.2.RequestParameters=Instance,Direction,PeriphInc,MemInc,PeriphDataAlignment,MemDataAlignment,Mode,Priority,FIFOMode,FIFOThreshold,MemBurst,PeriphBurst
RCC.CortexFreq_Value=100000000
Dma.TIM5_CH2.2.MemInc=DMA_MINC_ENABLE
ProjectManager.KeepUserCode=true
Mcu.UserName=STM32F411CEUx
Dma.TIM5_CH2.2.Instance=DMA1_Stream4
RCC.PLLCLKFreq_Value=100000000
Dma.TIM5_CH4/TRIG.3.PeriphBurst=DMA_PBURST_SINGLE
RCC.PLLQCLKFreq_Value=50000000
ProjectManager.functionlistsort=1-MX_GPIO_Init-GPIO-false-HAL-true,2-MX_DMA_Init-DMA-false-HAL-true,3-SystemClock_Config-RCC-false-HAL-false,4-MX_TIM2_Init-TIM2-false-HAL-true,5-MX_TIM5_Init-TIM5-false-HAL-true,6-MX_TIM11_Init-TIM11-false-HAL-true
SH.S_TIM5_CH2.0=TIM5_CH2,PWM Generation2 CH2
RCC.RTCFreq_Value=32000
Dma.TIM2_CH1.0.Instance=DMA1_Stream5
NVIC.DMA1_Stream4_IRQn=true\:0\:0\:false\:false\:true\:false\:true
PinOutPanel.RotationAngle=0
Dma.TIM2_CH3/UP.1.RequestParameters=Instance,Direction,PeriphInc,MemInc,PeriphDataAlignment,MemDataAlignment,Mode,Priority,FIFOMode,FIFOThreshold,MemBurst,PeriphBurst
RCC.SYSCLKSource=RCC_SYSCLKSOURCE_PLLCLK
ProjectManager.StackSize=0x400
Dma.TIM5_CH2.2.Mode=DMA_NORMAL
Dma.TIM5_CH2.2.FIFOMode=DMA_FIFOMODE_ENABLE
Dma.TIM2_CH3/UP.1.MemBurst=DMA_MBURST_SINGLE
Mcu.IP4=TIM2
RCC.FCLKCortexFreq_Value=100000000
Mcu.IP5=TIM5
NVIC.SVCall_IRQn=true\:0\:0\:false\:false\:true\:false\:false
Mcu.IP2=RCC
Mcu.IP3=SYS
Mcu.IP0=DMA
Mcu.IP1=NVIC
Mcu.UserConstants=
Dma.TIM5_CH2.2.PeriphInc=DMA_PINC_DISABLE
PH0\ -\ OSC_IN.Signal=RCC_OSC_IN
Mcu.ThirdPartyNb=0
Dma.TIM5_CH4/TRIG.3.FIFOMode=DMA_FIFOMODE_ENABLE
RCC.HCLKFreq_Value=100000000
Mcu.IPNb=6
RCC.I2SClocksFreq_Value=150000000
TIM2.IPParameters=Channel-PWM Generation1 CH1,Channel-PWM Generation3 CH3,Period
ProjectManager.PreviousToolchain=
RCC.APB2TimFreq_Value=100000000
Dma.TIM5_CH4/TRIG.3.Instance=DMA1_Stream3
RCC.VcooutputI2S=150000000
Mcu.Pin6=PA2
Mcu.Pin7=PA3
Mcu.Pin8=PA13
Mcu.Pin9=PA14
RCC.AHBFreq_Value=100000000
Mcu.Pin0=PC14-OSC32_IN
Mcu.Pin1=PC15-OSC32_OUT
GPIO.groupedBy=Group By Peripherals
Mcu.Pin2=PH0 - OSC_IN
Mcu.Pin3=PH1 - OSC_OUT
Mcu.Pin4=PA0-WKUP
Mcu.Pin5=PA1
ProjectManager.ProjectBuild=false
RCC.HSE_VALUE=25000000
NVIC.UsageFault_IRQn=true\:0\:0\:false\:false\:true\:false\:false
NVIC.DebugMonitor_IRQn=true\:0\:0\:false\:false\:true\:false\:false
NVIC.SysTick_IRQn=true\:0\:0\:false\:false\:true\:false\:true
ProjectManager.FirmwarePackage=STM32Cube FW_F4 V1.26.1
MxDb.Version=DB.6.0.21
ProjectManager.BackupPrevious=false
PC14-OSC32_IN.Mode=LSE-External-Oscillator
RCC.VCOInputFreq_Value=2083333.3333333333
TIM5.Channel-PWM\ Generation4\ CH4=TIM_CHANNEL_4
PA14.Mode=Serial_Wire
Dma.TIM2_CH1.0.RequestParameters=Instance,Direction,PeriphInc,MemInc,PeriphDataAlignment,MemDataAlignment,Mode,Priority,FIFOMode,FIFOThreshold,MemBurst,PeriphBurst
File.Version=6
Dma.TIM5_CH4/TRIG.3.MemBurst=DMA_MBURST_SINGLE
TIM2.Channel-PWM\ Generation1\ CH1=TIM_CHANNEL_1
NVIC.PendSV_IRQn=true\:0\:0\:false\:false\:true\:false\:false
SH.S_TIM5_CH2.ConfNb=1
Dma.TIM2_CH1.0.FIFOThreshold=DMA_FIFO_THRESHOLD_1QUARTERFULL
Dma.TIM5_CH2.2.PeriphDataAlignment=DMA_PDATAALIGN_WORD
Dma.RequestsNb=4
ProjectManager.HalAssertFull=false
ProjectManager.ProjectName=stm32f411_fw_dshot
Dma.TIM2_CH3/UP.1.PeriphBurst=DMA_PBURST_SINGLE
Dma.TIM5_CH2.2.Direction=DMA_MEMORY_TO_PERIPH
Mcu.Package=UFQFPN48
Dma.TIM2_CH1.0.FIFOMode=DMA_FIFOMODE_ENABLE
Dma.TIM2_CH3/UP.1.MemDataAlignment=DMA_MDATAALIGN_WORD
Dma.TIM5_CH4/TRIG.3.Priority=DMA_PRIORITY_HIGH
ProjectManager.ToolChainLocation=
RCC.LSI_VALUE=32000
VP_SYS_VS_Systick.Signal=SYS_VS_Systick
Dma.TIM5_CH4/TRIG.3.Mode=DMA_NORMAL
Dma.TIM2_CH1.0.PeriphDataAlignment=DMA_PDATAALIGN_WORD
Dma.Request2=TIM5_CH2
Dma.Request1=TIM2_CH3/UP
Dma.TIM2_CH3/UP.1.Direction=DMA_MEMORY_TO_PERIPH
RCC.APB1TimFreq_Value=100000000
Dma.TIM2_CH3/UP.1.Priority=DMA_PRIORITY_HIGH
Dma.Request3=TIM5_CH4/TRIG
Dma.TIM5_CH4/TRIG.3.MemDataAlignment=DMA_MDATAALIGN_WORD
NVIC.BusFault_IRQn=true\:0\:0\:false\:false\:true\:false\:false
Dma.TIM5_CH4/TRIG.3.Direction=DMA_MEMORY_TO_PERIPH
Dma.Request0=TIM2_CH1
Dma.TIM2_CH1.0.Direction=DMA_MEMORY_TO_PERIPH
ProjectManager.CustomerFirmwarePackage=
PA3.Signal=S_TIM5_CH4
Dma.TIM2_CH3/UP.1.Instance=DMA1_Stream1
RCC.PLLSourceVirtual=RCC_PLLSOURCE_HSE
PC15-OSC32_OUT.Mode=LSE-External-Oscillator
Dma.TIM2_CH3/UP.1.MemInc=DMA_MINC_ENABLE
ProjectManager.ProjectFileName=stm32f411_fw_dshot.ioc
TIM5.IPParameters=Channel-PWM Generation4 CH4,Channel-PWM Generation2 CH2,Period
Mcu.PinsNb=11
ProjectManager.NoMain=false
Dma.TIM2_CH1.0.MemBurst=DMA_MBURST_SINGLE
Dma.TIM5_CH2.2.MemDataAlignment=DMA_MDATAALIGN_WORD
PH1\ -\ OSC_OUT.Mode=HSE-External-Oscillator
ProjectManager.DefaultFWLocation=true
NVIC.DMA1_Stream1_IRQn=true\:0\:0\:false\:false\:true\:false\:true
ProjectManager.DeletePrevious=true
RCC.APB1CLKDivider=RCC_HCLK_DIV2
PC14-OSC32_IN.Signal=RCC_OSC32_IN
Dma.TIM2_CH3/UP.1.Mode=DMA_NORMAL
SH.S_TIM2_CH1_ETR.ConfNb=1
RCC.FamilyName=M
PA0-WKUP.Signal=S_TIM2_CH1_ETR
PA13.Signal=SYS_JTMS-SWDIO
PH0\ -\ OSC_IN.Mode=HSE-External-Oscillator
Dma.TIM5_CH4/TRIG.3.RequestParameters=Instance,Direction,PeriphInc,MemInc,PeriphDataAlignment,MemDataAlignment,Mode,Priority,FIFOMode,FIFOThreshold,MemBurst,PeriphBurst
Dma.TIM5_CH4/TRIG.3.PeriphDataAlignment=DMA_PDATAALIGN_WORD
ProjectManager.TargetToolchain=STM32CubeIDE
NVIC.DMA1_Stream5_IRQn=true\:0\:0\:false\:false\:true\:false\:true
Dma.TIM2_CH3/UP.1.FIFOMode=DMA_FIFOMODE_ENABLE
RCC.VCOInputMFreq_Value=1562500
Dma.TIM5_CH2.2.MemBurst=DMA_MBURST_SINGLE
ProjectManager.RegisterCallBack=
PC15-OSC32_OUT.Signal=RCC_OSC32_OUT
PA1.Signal=S_TIM5_CH2
RCC.VCOI2SOutputFreq_Value=300000000
PH1\ -\ OSC_OUT.Signal=RCC_OSC_OUT
board=custom
RCC.VCOOutputFreq_Value=200000000
ProjectManager.LastFirmware=false
Dma.TIM5_CH4/TRIG.3.MemInc=DMA_MINC_ENABLE
RCC.APB2Freq_Value=100000000
Dma.TIM2_CH1.0.Priority=DMA_PRIORITY_HIGH
MxCube.Version=6.2.1
SH.S_TIM2_CH3.0=TIM2_CH3,PWM Generation3 CH3
VP_SYS_VS_Systick.Mode=SysTick
RCC.EthernetFreq_Value=100000000
TIM2.Channel-PWM\ Generation3\ CH3=TIM_CHANNEL_3
SH.S_TIM5_CH4.0=TIM5_CH4,PWM Generation4 CH4
NVIC.NonMaskableInt_IRQn=true\:0\:0\:false\:false\:true\:false\:false
SH.S_TIM2_CH3.ConfNb=1
SH.S_TIM5_CH4.ConfNb=1
TIM2.Period=0
PA13.Mode=Serial_Wire
ProjectManager.FreePins=false
RCC.IPParameters=48MHZClocksFreq_Value,AHBFreq_Value,APB1CLKDivider,APB1Freq_Value,APB1TimFreq_Value,APB2Freq_Value,APB2TimFreq_Value,CortexFreq_Value,EthernetFreq_Value,FCLKCortexFreq_Value,FamilyName,HCLKFreq_Value,HSE_VALUE,HSI_VALUE,I2SClocksFreq_Value,LSI_VALUE,PLLCLKFreq_Value,PLLM,PLLN,PLLQCLKFreq_Value,PLLSourceVirtual,RTCFreq_Value,RTCHSEDivFreq_Value,SYSCLKFreq_VALUE,SYSCLKSource,VCOI2SOutputFreq_Value,VCOInputFreq_Value,VCOInputMFreq_Value,VCOOutputFreq_Value,VcooutputI2S
Dma.TIM2_CH3/UP.1.PeriphDataAlignment=DMA_PDATAALIGN_WORD
ProjectManager.AskForMigrate=true
Mcu.Name=STM32F411C(C-E)Ux
RCC.RTCHSEDivFreq_Value=12500000
PA2.Signal=S_TIM2_CH3
ProjectManager.UnderRoot=true
Dma.TIM5_CH2.2.PeriphBurst=DMA_PBURST_SINGLE
ProjectManager.CoupleFile=true
RCC.48MHZClocksFreq_Value=50000000
TIM5.Channel-PWM\ Generation2\ CH2=TIM_CHANNEL_2
RCC.SYSCLKFreq_VALUE=100000000
Dma.TIM2_CH1.0.Mode=DMA_NORMAL
NVIC.ForceEnableDMAVector=true
KeepUserPlacement=false
Dma.TIM2_CH1.0.PeriphBurst=DMA_PBURST_SINGLE
NVIC.MemoryManagement_IRQn=true\:0\:0\:false\:false\:true\:false\:false
ProjectManager.CompilerOptimize=6
SH.S_TIM2_CH1_ETR.0=TIM2_CH1,PWM Generation1 CH1
Dma.TIM2_CH1.0.MemDataAlignment=DMA_MDATAALIGN_WORD
PA14.Signal=SYS_JTCK-SWCLK
Dma.TIM2_CH3/UP.1.PeriphInc=DMA_PINC_DISABLE
ProjectManager.HeapSize=0x200
NVIC.HardFault_IRQn=true\:0\:0\:false\:false\:true\:false\:false
Dma.TIM5_CH4/TRIG.3.PeriphInc=DMA_PINC_DISABLE
ProjectManager.ComputerToolchain=false
RCC.HSI_VALUE=16000000
NVIC.PriorityGroup=NVIC_PRIORITYGROUP_4
Dma.TIM5_CH2.2.Priority=DMA_PRIORITY_HIGH
RCC.PLLM=12
RCC.PLLN=96
Mcu.Pin10=VP_SYS_VS_Systick
Dma.TIM2_CH3/UP.1.FIFOThreshold=DMA_FIFO_THRESHOLD_1QUARTERFULL
NVIC.DMA1_Stream3_IRQn=true\:0\:0\:false\:false\:true\:false\:true
TIM5.Period=0
RCC.APB1Freq_Value=50000000
Dma.TIM5_CH2.2.FIFOThreshold=DMA_FIFO_THRESHOLD_1QUARTERFULL
Dma.TIM2_CH1.0.PeriphInc=DMA_PINC_DISABLE
ProjectManager.DeviceId=STM32F411CEUx
ProjectManager.LibraryCopy=1
isbadioc=false
